
Microsoft Visual Studio Solution File, Format Version 12.00
# Visual Studio Version 17
VisualStudioVersion = 17.5.33502.453
MinimumVisualStudioVersion = 10.0.40219.1
Project("{9A19103F-16F7-4668-BE54-9A1E7A4F7556}") = "Task11.TelegramBot", "Task11.TelegramBot\Task11.TelegramBot.csproj", "{3BB1C733-BA60-4A54-8FE0-F6ABC3523CC1}"
EndProject
Project("{FAE04EC0-301F-11D3-BF4B-00C04F79EFBC}") = "Task11.TelegramBot.Tests", "Task11.TelegramBot.Tests\Task11.TelegramBot.Tests.csproj", "{6C13D108-F71C-42DA-BA32-10642279A36F}"
EndProject
Global
	GlobalSection(SolutionConfigurationPlatforms) = preSolution
		Debug|Any CPU = Debug|Any CPU
		Release|Any CPU = Release|Any CPU
	EndGlobalSection
	GlobalSection(ProjectConfigurationPlatforms) = postSolution
		{3BB1C733-BA60-4A54-8FE0-F6ABC3523CC1}.Debug|Any CPU.ActiveCfg = Debug|Any CPU
		{3BB1C733-BA60-4A54-8FE0-F6ABC3523CC1}.Debug|Any CPU.Build.0 = Debug|Any CPU
		{3BB1C733-BA60-4A54-8FE0-F6ABC3523CC1}.Release|Any CPU.ActiveCfg = Release|Any CPU
		{3BB1C733-BA60-4A54-8FE0-F6ABC3523CC1}.Release|Any CPU.Build.0 = Release|Any CPU
		{6C13D108-F71C-42DA-BA32-10642279A36F}.Debug|Any CPU.ActiveCfg = Debug|Any CPU
		{6C13D108-F71C-42DA-BA32-10642279A36F}.Debug|Any CPU.Build.0 = Debug|Any CPU
		{6C13D108-F71C-42DA-BA32-10642279A36F}.Release|Any CPU.ActiveCfg = Release|Any CPU
		{6C13D108-F71C-42DA-BA32-10642279A36F}.Release|Any CPU.Build.0 = Release|Any CPU
	EndGlobalSection
	GlobalSection(SolutionProperties) = preSolution
		HideSolutionNode = FALSE
	EndGlobalSection
	GlobalSection(ExtensibilityGlobals) = postSolution
		SolutionGuid = {3D1E2BB9-A7E2-45C6-A410-C322439EEA94}
	EndGlobalSection
EndGlobal
